
Microsoft Visual Studio Solution File, Format Version 11.00
# Visual Studio 2010
Project("{FAE04EC0-301F-11D3-BF4B-00C04F79EFBC}") = "ActiveDirectoryDome", "ActiveDirectoryDome\ActiveDirectoryDome.csproj", "{B2529383-940F-4F49-99A7-7DDE203409FC}"
EndProject
Global
	GlobalSection(SolutionConfigurationPlatforms) = preSolution
		Debug|Any CPU = Debug|Any CPU
		Release|Any CPU = Release|Any CPU
	EndGlobalSection
	GlobalSection(ProjectConfigurationPlatforms) = postSolution
		{B2529383-940F-4F49-99A7-7DDE203409FC}.Debug|Any CPU.ActiveCfg = Debug|Any CPU
		{B2529383-940F-4F49-99A7-7DDE203409FC}.Debug|Any CPU.Build.0 = Debug|Any CPU
		{B2529383-940F-4F49-99A7-7DDE203409FC}.Release|Any CPU.ActiveCfg = Release|Any CPU
		{B2529383-940F-4F49-99A7-7DDE203409FC}.Release|Any CPU.Build.0 = Release|Any CPU
	EndGlobalSection
	GlobalSection(SolutionProperties) = preSolution
		HideSolutionNode = FALSE
	EndGlobalSection
EndGlobal
